// !$*UTF8*$!
{
	archiveVersion = 1;
	classes = {
	};
	objectVersion = 46;
	objects = {

/* Begin PBXBuildFile section */
		3164200D1F11469C006839C3 /* PetTableViewController.swift in Sources */ = {isa = PBXBuildFile; fileRef = 3164200C1F11469C006839C3 /* PetTableViewController.swift */; };
		3164200F1F115F09006839C3 /* addPetController.swift in Sources */ = {isa = PBXBuildFile; fileRef = 3164200E1F115F09006839C3 /* addPetController.swift */; };
		319AC70B1F1134E20084FDFC /* AppDelegate.swift in Sources */ = {isa = PBXBuildFile; fileRef = 319AC70A1F1134E20084FDFC /* AppDelegate.swift */; };
		319AC70D1F1134E20084FDFC /* ViewController.swift in Sources */ = {isa = PBXBuildFile; fileRef = 319AC70C1F1134E20084FDFC /* ViewController.swift */; };
		319AC7101F1134E20084FDFC /* Main.storyboard in Resources */ = {isa = PBXBuildFile; fileRef = 319AC70E1F1134E20084FDFC /* Main.storyboard */; };
		319AC7121F1134E20084FDFC /* Assets.xcassets in Resources */ = {isa = PBXBuildFile; fileRef = 319AC7111F1134E20084FDFC /* Assets.xcassets */; };
		319AC7151F1134E20084FDFC /* LaunchScreen.storyboard in Resources */ = {isa = PBXBuildFile; fileRef = 319AC7131F1134E20084FDFC /* LaunchScreen.storyboard */; };
/* End PBXBuildFile section */

/* Begin PBXFileReference section */
		3164200C1F11469C006839C3 /* PetTableViewController.swift */ = {isa = PBXFileReference; fileEncoding = 4; lastKnownFileType = sourcecode.swift; path = PetTableViewController.swift; sourceTree = "<group>"; };
		3164200E1F115F09006839C3 /* addPetController.swift */ = {isa = PBXFileReference; fileEncoding = 4; lastKnownFileType = sourcecode.swift; name = addPetController.swift; path = ../addPetController.swift; sourceTree = "<group>"; };
		319AC7071F1134E20084FDFC /* MyPets.app */ = {isa = PBXFileReference; explicitFileType = wrapper.application; includeInIndex = 0; path = MyPets.app; sourceTree = BUILT_PRODUCTS_DIR; };
		319AC70A1F1134E20084FDFC /* AppDelegate.swift */ = {isa = PBXFileReference; lastKnownFileType = sourcecode.swift; path = AppDelegate.swift; sourceTree = "<group>"; };
		319AC70C1F1134E20084FDFC /* ViewController.swift */ = {isa = PBXFileReference; lastKnownFileType = sourcecode.swift; path = ViewController.swift; sourceTree = "<group>"; };
		319AC70F1F1134E20084FDFC /* Base */ = {isa = PBXFileReference; lastKnownFileType = file.storyboard; name = Base; path = Base.lproj/Main.storyboard; sourceTree = "<group>"; };
		319AC7111F1134E20084FDFC /* Assets.xcassets */ = {isa = PBXFileReference; lastKnownFileType = folder.assetcatalog; path = Assets.xcassets; sourceTree = "<group>"; };
		319AC7141F1134E20084FDFC /* Base */ = {isa = PBXFileReference; lastKnownFileType = file.storyboard; name = Base; path = Base.lproj/LaunchScreen.storyboard; sourceTree = "<group>"; };
		319AC7161F1134E20084FDFC /* Info.plist */ = {isa = PBXFileReference; lastKnownFileType = text.plist.xml; path = Info.plist; sourceTree = "<group>"; };
/* End PBXFileReference section */

/* Begin PBXFrameworksBuildPhase section */
		319AC7041F1134E10084FDFC /* Frameworks */ = {
			isa = PBXFrameworksBuildPhase;
			buildActionMask = 2147483647;
			files = (
			);
			runOnlyForDeploymentPostprocessing = 0;
		};
/* End PBXFrameworksBuildPhase section */

/* Begin PBXGroup section */
		319AC6FE1F1134E10084FDFC = {
			isa = PBXGroup;
			children = (
				319AC7091F1134E20084FDFC /* MyPets */,
				319AC7081F1134E20084FDFC /* Products */,
			);
			sourceTree = "<group>";
		};
		319AC7081F1134E20084FDFC /* Products */ = {
			isa = PBXGroup;
			children = (
				319AC7071F1134E20084FDFC /* MyPets.app */,
			);
			name = Products;
			sourceTree = "<group>";
		};
		319AC7091F1134E20084FDFC /* MyPets */ = {
			isa = PBXGroup;
			children = (
				3164200E1F115F09006839C3 /* addPetController.swift */,
				319AC70A1F1134E20084FDFC /* AppDelegate.swift */,
				319AC70C1F1134E20084FDFC /* ViewController.swift */,
				319AC70E1F1134E20084FDFC /* Main.storyboard */,
				319AC7111F1134E20084FDFC /* Assets.xcassets */,
				319AC7131F1134E20084FDFC /* LaunchScreen.storyboard */,
				319AC7161F1134E20084FDFC /* Info.plist */,
				3164200C1F11469C006839C3 /* PetTableViewController.swift */,
			);
			path = MyPets;
			sourceTree = "<group>";
		};
/* End PBXGroup section */

/* Begin PBXNativeTarget section */
		319AC7061F1134E10084FDFC /* MyPets */ = {
			isa = PBXNativeTarget;
			buildConfigurationList = 319AC7191F1134E20084FDFC /* Build configuration list for PBXNativeTarget "MyPets" */;
			buildPhases = (
				319AC7031F1134E10084FDFC /* Sources */,
				319AC7041F1134E10084FDFC /* Frameworks */,
				319AC7051F1134E10084FDFC /* Resources */,
			);
			buildRules = (
			);
			dependencies = (
			);
			name = MyPets;
			productName = MyPets;
			productReference = 319AC7071F1134E20084FDFC /* MyPets.app */;
			productType = "com.apple.product-type.application";
		};
/* End PBXNativeTarget section */

/* Begin PBXProject section */
		319AC6FF1F1134E10084FDFC /* Project object */ = {
			isa = PBXProject;
			attributes = {
				LastSwiftUpdateCheck = 0830;
				LastUpgradeCheck = 0830;
				ORGANIZATIONNAME = MiLab;
				TargetAttributes = {
					319AC7061F1134E10084FDFC = {
						CreatedOnToolsVersion = 8.3.2;
						DevelopmentTeam = 43A3T6HE6Y;
						ProvisioningStyle = Automatic;
					};
				};
			};
			buildConfigurationList = 319AC7021F1134E10084FDFC /* Build configuration list for PBXProject "MyPets" */;
			compatibilityVersion = "Xcode 3.2";
			developmentRegion = English;
			hasScannedForEncodings = 0;
			knownRegions = (
				en,
				Base,
			);
			mainGroup = 319AC6FE1F1134E10084FDFC;
			productRefGroup = 319AC7081F1134E20084FDFC /* Products */;
			projectDirPath = "";
			projectRoot = "";
			targets = (
				319AC7061F1134E10084FDFC /* MyPets */,
			);
		};
/* End PBXProject section */

/* Begin PBXResourcesBuildPhase section */
		319AC7051F1134E10084FDFC /* Resources */ = {
			isa = PBXResourcesBuildPhase;
			buildActionMask = 2147483647;
			files = (
				319AC7151F1134E20084FDFC /* LaunchScreen.storyboard in Resources */,
				319AC7121F1134E20084FDFC /* Assets.xcassets in Resources */,
				319AC7101F1134E20084FDFC /* Main.storyboard in Resources */,
			);
			runOnlyForDeploymentPostprocessing = 0;
		};
/* End PBXResourcesBuildPhase section */

/* Begin PBXSourcesBuildPhase section */
		319AC7031F1134E10084FDFC /* Sources */ = {
			isa = PBXSourcesBuildPhase;
			buildActionMask = 2147483647;
			files = (
				319AC70D1F1134E20084FDFC /* ViewController.swift in Sources */,
				319AC70B1F1134E20084FDFC /* AppDelegate.swift in Sources */,
				3164200D1F11469C006839C3 /* PetTableViewController.swift in Sources */,
				3164200F1F115F09006839C3 /* addPetController.swift in Sources */,
			);
			runOnlyForDeploymentPostprocessing = 0;
		};
/* End PBXSourcesBuildPhase section */

/* Begin PBXVariantGroup section */
		319AC70E1F1134E20084FDFC /* Main.storyboard */ = {
			isa = PBXVariantGroup;
			children = (
				319AC70F1F1134E20084FDFC /* Base */,
			);
			name = Main.storyboard;
			sourceTree = "<group>";
		};
		319AC7131F1134E20084FDFC /* LaunchScreen.storyboard */ = {
			isa = PBXVariantGroup;
			children = (
				319AC7141F1134E20084FDFC /* Base */,
			);
			name = LaunchScreen.storyboard;
			sourceTree = "<group>";
		};
/* End PBXVariantGroup section */

/* Begin XCBuildConfiguration section */
		319AC7171F1134E20084FDFC /* Debug */ = {
			isa = XCBuildConfiguration;
			buildSettings = {
				ALWAYS_SEARCH_USER_PATHS = NO;
				CLANG_ANALYZER_NONNULL = YES;
				CLANG_ANALYZER_NUMBER_OBJECT_CONVERSION = YES_AGGRESSIVE;
				CLANG_CXX_LANGUAGE_STANDARD = "gnu++0x";
				CLANG_CXX_LIBRARY = "libc++";
				CLANG_ENABLE_MODULES = YES;
				CLANG_ENABLE_OBJC_ARC = YES;
				CLANG_WARN_BOOL_CONVERSION = YES;
				CLANG_WARN_CONSTANT_CONVERSION = YES;
				CLANG_WARN_DIRECT_OBJC_ISA_USAGE = YES_ERROR;
				CLANG_WARN_DOCUMENTATION_COMMENTS = YES;
				CLANG_WARN_EMPTY_BODY = YES;
				CLANG_WARN_ENUM_CONVERSION = YES;
				CLANG_WARN_INFINITE_RECURSION = YES;
				CLANG_WARN_INT_CONVERSION = YES;
				CLANG_WARN_OBJC_ROOT_CLASS = YES_ERROR;
				CLANG_WARN_SUSPICIOUS_MOVE = YES;
				CLANG_WARN_UNREACHABLE_CODE = YES;
				CLANG_WARN__DUPLICATE_METHOD_MATCH = YES;
				"CODE_SIGN_IDENTITY[sdk=iphoneos*]" = "iPhone Developer";
				COPY_PHASE_STRIP = NO;
				DEBUG_INFORMATION_FORMAT = dwarf;
				ENABLE_STRICT_OBJC_MSGSEND = YES;
				ENABLE_TESTABILITY = YES;
				GCC_C_LANGUAGE_STANDARD = gnu99;
				GCC_DYNAMIC_NO_PIC = NO;
				GCC_NO_COMMON_BLOCKS = YES;
				GCC_OPTIMIZATION_LEVEL = 0;
				GCC_PREPROCESSOR_DEFINITIONS = (
					"DEBUG=1",
					"$(inherited)",
				);
				GCC_WARN_64_TO_32_BIT_CONVERSION = YES;
				GCC_WARN_ABOUT_RETURN_TYPE = YES_ERROR;
				GCC_WARN_UNDECLARED_SELECTOR = YES;
				GCC_WARN_UNINITIALIZED_AUTOS = YES_AGGRESSIVE;
				GCC_WARN_UNUSED_FUNCTION = YES;
				GCC_WARN_UNUSED_VARIABLE = YES;
				IPHONEOS_DEPLOYMENT_TARGET = 10.3;
				MTL_ENABLE_DEBUG_INFO = YES;
				ONLY_ACTIVE_ARCH = YES;
				SDKROOT = iphoneos;
				SWIFT_ACTIVE_COMPILATION_CONDITIONS = DEBUG;
				SWIFT_OPTIMIZATION_LEVEL = "-Onone";
			};
			name = Debug;
		};
		319AC7181F1134E20084FDFC /* Release */ = {
			isa = XCBuildConfiguration;
			buildSettings = {
				ALWAYS_SEARCH_USER_PATHS = NO;
				CLANG_ANALYZER_NONNULL = YES;
				CLANG_ANALYZER_NUMBER_OBJECT_CONVERSION = YES_AGGRESSIVE;
				CLANG_CXX_LANGUAGE_STANDARD = "gnu++0x";
				CLANG_CXX_LIBRARY = "libc++";
				CLANG_ENABLE_MODULES = YES;
				CLANG_ENABLE_OBJC_ARC = YES;
				CLANG_WARN_BOOL_CONVERSION = YES;
				CLANG_WARN_CONSTANT_CONVERSION = YES;
				CLANG_WARN_DIRECT_OBJC_ISA_USAGE = YES_ERROR;
				CLANG_WARN_DOCUMENTATION_COMMENTS = YES;
				CLANG_WARN_EMPTY_BODY = YES;
				CLANG_WARN_ENUM_CONVERSION = YES;
				CLANG_WARN_INFINITE_RECURSION = YES;
				CLANG_WARN_INT_CONVERSION = YES;
				CLANG_WARN_OBJC_ROOT_CLASS = YES_ERROR;
				CLANG_WARN_SUSPICIOUS_MOVE = YES;
				CLANG_WARN_UNREACHABLE_CODE = YES;
				CLANG_WARN__DUPLICATE_METHOD_MATCH = YES;
				"CODE_SIGN_IDENTITY[sdk=iphoneos*]" = "iPhone Developer";
				COPY_PHASE_STRIP = NO;
				DEBUG_INFORMATION_FORMAT = "dwarf-with-dsym";
				ENABLE_NS_ASSERTIONS = NO;
				ENABLE_STRICT_OBJC_MSGSEND = YES;
				GCC_C_LANGUAGE_STANDARD = gnu99;
				GCC_NO_COMMON_BLOCKS = YES;
				GCC_WARN_64_TO_32_BIT_CONVERSION = YES;
				GCC_WARN_ABOUT_RETURN_TYPE = YES_ERROR;
				GCC_WARN_UNDECLARED_SELECTOR = YES;
				GCC_WARN_UNINITIALIZED_AUTOS = YES_AGGRESSIVE;
				GCC_WARN_UNUSED_FUNCTION = YES;
				GCC_WARN_UNUSED_VARIABLE = YES;
				IPHONEOS_DEPLOYMENT_TARGET = 10.3;
				MTL_ENABLE_DEBUG_INFO = NO;
				SDKROOT = iphoneos;
				SWIFT_OPTIMIZATION_LEVEL = "-Owholemodule";
				VALIDATE_PRODUCT = YES;
			};
			name = Release;
		};
		319AC71A1F1134E20084FDFC /* Debug */ = {
			isa = XCBuildConfiguration;
			buildSettings = {
				ASSETCATALOG_COMPILER_APPICON_NAME = AppIcon;
				DEVELOPMENT_TEAM = 43A3T6HE6Y;
				INFOPLIST_FILE = MyPets/Info.plist;
				LD_RUNPATH_SEARCH_PATHS = "$(inherited) @executable_path/Frameworks";
				PRODUCT_BUNDLE_IDENTIFIER = MyPets;
				PRODUCT_NAME = "$(TARGET_NAME)";
				SWIFT_VERSION = 3.0;
			};
			name = Debug;
		};
		319AC71B1F1134E20084FDFC /* Release */ = {
			isa = XCBuildConfiguration;
			buildSettings = {
				ASSETCATALOG_COMPILER_APPICON_NAME = AppIcon;
				DEVELOPMENT_TEAM = 43A3T6HE6Y;
				INFOPLIST_FILE = MyPets/Info.plist;
				LD_RUNPATH_SEARCH_PATHS = "$(inherited) @executable_path/Frameworks";
				PRODUCT_BUNDLE_IDENTIFIER = MyPets;
				PRODUCT_NAME = "$(TARGET_NAME)";
				SWIFT_VERSION = 3.0;
			};
			name = Release;
		};
/* End XCBuildConfiguration section */

/* Begin XCConfigurationList section */
		319AC7021F1134E10084FDFC /* Build configuration list for PBXProject "MyPets" */ = {
			isa = XCConfigurationList;
			buildConfigurations = (
				319AC7171F1134E20084FDFC /* Debug */,
				319AC7181F1134E20084FDFC /* Release */,
			);
			defaultConfigurationIsVisible = 0;
			defaultConfigurationName = Release;
		};
		319AC7191F1134E20084FDFC /* Build configuration list for PBXNativeTarget "MyPets" */ = {
			isa = XCConfigurationList;
			buildConfigurations = (
				319AC71A1F1134E20084FDFC /* Debug */,
				319AC71B1F1134E20084FDFC /* Release */,
			);
			defaultConfigurationIsVisible = 0;
			defaultConfigurationName = Release;
		};
/* End XCConfigurationList section */
	};
	rootObject = 319AC6FF1F1134E10084FDFC /* Project object */;
}
